{
    "name": "@ironsource/fusion-ui",
    "version": "6.5.2",
    "lockfileVersion": 3,
    "requires": true,
    "packages": {
        "": {
            "name": "@ironsource/fusion-ui",
            "version": "6.5.2",
            "dependencies": {
                "@floating-ui/dom": "^1.0.9",
                "chart.js": "^3.5.1",
                "tslib": "^2.0.0",
                "zone.js": "~0.11.4"
            }
        },
        "node_modules/@floating-ui/core": {
            "version": "1.6.0",
            "resolved": "https://registry.npmjs.org/@floating-ui/core/-/core-1.6.0.tgz",
            "integrity": "sha512-PcF++MykgmTj3CIyOQbKA/hDzOAiqI3mhuoN44WRCopIs1sgoDoU4oty4Jtqaj/y3oDU6fnVSm4QG0a3t5i0+g==",
            "dependencies": {
                "@floating-ui/utils": "^0.2.1"
            }
        },
        "node_modules/@floating-ui/dom": {
            "version": "1.6.3",
            "resolved": "https://registry.npmjs.org/@floating-ui/dom/-/dom-1.6.3.tgz",
            "integrity": "sha512-RnDthu3mzPlQ31Ss/BTwQ1zjzIhr3lk1gZB1OC56h/1vEtaXkESrOqL5fQVMfXpwGtRwX+YsZBdyHtJMQnkArw==",
            "dependencies": {
                "@floating-ui/core": "^1.0.0",
                "@floating-ui/utils": "^0.2.0"
            }
        },
        "node_modules/@floating-ui/utils": {
            "version": "0.2.1",
            "resolved": "https://registry.npmjs.org/@floating-ui/utils/-/utils-0.2.1.tgz",
            "integrity": "sha512-9TANp6GPoMtYzQdt54kfAyMmz1+osLlXdg2ENroU7zzrtflTLrrC/lgrIfaSe+Wu0b89GKccT7vxXA0MoAIO+Q=="
        },
        "node_modules/chart.js": {
            "version": "3.9.1",
            "resolved": "https://registry.npmjs.org/chart.js/-/chart.js-3.9.1.tgz",
            "integrity": "sha512-Ro2JbLmvg83gXF5F4sniaQ+lTbSv18E+TIf2cOeiH1Iqd2PGFOtem+DUufMZsCJwFE7ywPOpfXFBwRTGq7dh6w=="
        },
        "node_modules/tslib": {
            "version": "2.6.2",
            "resolved": "https://registry.npmjs.org/tslib/-/tslib-2.6.2.tgz",
            "integrity": "sha512-AEYxH93jGFPn/a2iVAwW87VuUIkR1FVUKB77NwMF7nBTDkDrrT/Hpt/IrCJ0QXhW27jTBDcf5ZY7w6RiqTMw2Q=="
        },
        "node_modules/zone.js": {
            "version": "0.11.8",
            "resolved": "https://registry.npmjs.org/zone.js/-/zone.js-0.11.8.tgz",
            "integrity": "sha512-82bctBg2hKcEJ21humWIkXRlLBBmrc3nN7DFh5LGGhcyycO2S7FN8NmdvlcKaGFDNVL4/9kFLmwmInTavdJERA==",
            "dependencies": {
                "tslib": "^2.3.0"
            }
        }
    }
}
